
Microsoft Visual Studio Solution File, Format Version 12.00
Project("{FAE04EC0-301F-11D3-BF4B-00C04F79EFBC}") = "SimpleCalculator", "SimpleCalculator\SimpleCalculator.csproj", "{E85A1F02-28A3-4BCC-BC05-DD50F941C39F}"
EndProject
Project("{FAE04EC0-301F-11D3-BF4B-00C04F79EFBC}") = "SimpleCalculator.Test.Unit", "SimpleCalculator.Test.Unit\SimpleCalculator.Test.Unit.csproj", "{CE8AFBFF-ED40-4311-96CB-698058F22118}"
EndProject
Project("{FAE04EC0-301F-11D3-BF4B-00C04F79EFBC}") = "WordUnscramble", "WordUnscramble\WordUnscramble.csproj", "{68B52D6E-2E55-4564-AB26-06E20201B8F4}"
EndProject
Project("{FAE04EC0-301F-11D3-BF4B-00C04F79EFBC}") = "WordUnscramble.Test.Unit", "WordUnscramble.Test.Unit\WordUnscramble.Test.Unit.csproj", "{87E86652-AF06-422D-98EE-83998E904E0E}"
EndProject
Project("{FAE04EC0-301F-11D3-BF4B-00C04F79EFBC}") = "SimpleWebScraper", "SimpleWebScraper\SimpleWebScraper.csproj", "{12AA427F-41D2-4179-B02B-94A46F71CDC7}"
EndProject
Project("{FAE04EC0-301F-11D3-BF4B-00C04F79EFBC}") = "SudokuSolver", "SudokuSolver\SudokuSolver.csproj", "{190BE871-9DDE-4855-A0BA-4B2C6CFAE191}"
EndProject
Global
	GlobalSection(SolutionConfigurationPlatforms) = preSolution
		Debug|Any CPU = Debug|Any CPU
		Release|Any CPU = Release|Any CPU
	EndGlobalSection
	GlobalSection(ProjectConfigurationPlatforms) = postSolution
		{E85A1F02-28A3-4BCC-BC05-DD50F941C39F}.Debug|Any CPU.ActiveCfg = Debug|Any CPU
		{E85A1F02-28A3-4BCC-BC05-DD50F941C39F}.Debug|Any CPU.Build.0 = Debug|Any CPU
		{E85A1F02-28A3-4BCC-BC05-DD50F941C39F}.Release|Any CPU.ActiveCfg = Release|Any CPU
		{E85A1F02-28A3-4BCC-BC05-DD50F941C39F}.Release|Any CPU.Build.0 = Release|Any CPU
		{CE8AFBFF-ED40-4311-96CB-698058F22118}.Debug|Any CPU.ActiveCfg = Debug|Any CPU
		{CE8AFBFF-ED40-4311-96CB-698058F22118}.Debug|Any CPU.Build.0 = Debug|Any CPU
		{CE8AFBFF-ED40-4311-96CB-698058F22118}.Release|Any CPU.ActiveCfg = Release|Any CPU
		{CE8AFBFF-ED40-4311-96CB-698058F22118}.Release|Any CPU.Build.0 = Release|Any CPU
		{68B52D6E-2E55-4564-AB26-06E20201B8F4}.Debug|Any CPU.ActiveCfg = Debug|Any CPU
		{68B52D6E-2E55-4564-AB26-06E20201B8F4}.Debug|Any CPU.Build.0 = Debug|Any CPU
		{68B52D6E-2E55-4564-AB26-06E20201B8F4}.Release|Any CPU.ActiveCfg = Release|Any CPU
		{68B52D6E-2E55-4564-AB26-06E20201B8F4}.Release|Any CPU.Build.0 = Release|Any CPU
		{87E86652-AF06-422D-98EE-83998E904E0E}.Debug|Any CPU.ActiveCfg = Debug|Any CPU
		{87E86652-AF06-422D-98EE-83998E904E0E}.Debug|Any CPU.Build.0 = Debug|Any CPU
		{87E86652-AF06-422D-98EE-83998E904E0E}.Release|Any CPU.ActiveCfg = Release|Any CPU
		{87E86652-AF06-422D-98EE-83998E904E0E}.Release|Any CPU.Build.0 = Release|Any CPU
		{12AA427F-41D2-4179-B02B-94A46F71CDC7}.Debug|Any CPU.ActiveCfg = Debug|Any CPU
		{12AA427F-41D2-4179-B02B-94A46F71CDC7}.Debug|Any CPU.Build.0 = Debug|Any CPU
		{12AA427F-41D2-4179-B02B-94A46F71CDC7}.Release|Any CPU.ActiveCfg = Release|Any CPU
		{12AA427F-41D2-4179-B02B-94A46F71CDC7}.Release|Any CPU.Build.0 = Release|Any CPU
		{190BE871-9DDE-4855-A0BA-4B2C6CFAE191}.Debug|Any CPU.ActiveCfg = Debug|Any CPU
		{190BE871-9DDE-4855-A0BA-4B2C6CFAE191}.Debug|Any CPU.Build.0 = Debug|Any CPU
		{190BE871-9DDE-4855-A0BA-4B2C6CFAE191}.Release|Any CPU.ActiveCfg = Release|Any CPU
		{190BE871-9DDE-4855-A0BA-4B2C6CFAE191}.Release|Any CPU.Build.0 = Release|Any CPU
	EndGlobalSection
EndGlobal
